
Microsoft Visual Studio Solution File, Format Version 12.00
# Visual Studio Version 16
VisualStudioVersion = 16.0.30204.135
MinimumVisualStudioVersion = 10.0.40219.1
Project("{FAE04EC0-301F-11D3-BF4B-00C04F79EFBC}") = "Test_20211109", "Test_20211109\Test_20211109.csproj", "{5A9F82A4-5B75-40C3-9B3E-31AD89249388}"
EndProject
Global
	GlobalSection(SolutionConfigurationPlatforms) = preSolution
		Debug|Any CPU = Debug|Any CPU
		Release|Any CPU = Release|Any CPU
	EndGlobalSection
	GlobalSection(ProjectConfigurationPlatforms) = postSolution
		{5A9F82A4-5B75-40C3-9B3E-31AD89249388}.Debug|Any CPU.ActiveCfg = Debug|Any CPU
		{5A9F82A4-5B75-40C3-9B3E-31AD89249388}.Debug|Any CPU.Build.0 = Debug|Any CPU
		{5A9F82A4-5B75-40C3-9B3E-31AD89249388}.Release|Any CPU.ActiveCfg = Release|Any CPU
		{5A9F82A4-5B75-40C3-9B3E-31AD89249388}.Release|Any CPU.Build.0 = Release|Any CPU
	EndGlobalSection
	GlobalSection(SolutionProperties) = preSolution
		HideSolutionNode = FALSE
	EndGlobalSection
	GlobalSection(ExtensibilityGlobals) = postSolution
		SolutionGuid = {E0B18976-BD08-4D19-9BC0-90A2185E0654}
	EndGlobalSection
EndGlobal
